
Microsoft Visual Studio Solution File, Format Version 12.00
# Visual Studio Version 17
VisualStudioVersion = 17.13.35825.156
MinimumVisualStudioVersion = 10.0.40219.1
Project("{FAE04EC0-301F-11D3-BF4B-00C04F79EFBC}") = "UndergradProject", "UndergradProject.csproj", "{455F6FFB-53BE-4BE3-A0B6-05766DAB4F41}"
EndProject
Global
	GlobalSection(SolutionConfigurationPlatforms) = preSolution
		Debug|Any CPU = Debug|Any CPU
		Release|Any CPU = Release|Any CPU
	EndGlobalSection
	GlobalSection(ProjectConfigurationPlatforms) = postSolution
		{455F6FFB-53BE-4BE3-A0B6-05766DAB4F41}.Debug|Any CPU.ActiveCfg = Debug|Any CPU
		{455F6FFB-53BE-4BE3-A0B6-05766DAB4F41}.Debug|Any CPU.Build.0 = Debug|Any CPU
		{455F6FFB-53BE-4BE3-A0B6-05766DAB4F41}.Debug|Any CPU.Deploy.0 = Debug|Any CPU
		{455F6FFB-53BE-4BE3-A0B6-05766DAB4F41}.Release|Any CPU.ActiveCfg = Release|Any CPU
		{455F6FFB-53BE-4BE3-A0B6-05766DAB4F41}.Release|Any CPU.Build.0 = Release|Any CPU
	EndGlobalSection
	GlobalSection(SolutionProperties) = preSolution
		HideSolutionNode = FALSE
	EndGlobalSection
	GlobalSection(ExtensibilityGlobals) = postSolution
		SolutionGuid = {E987319C-6ADA-4ADE-B188-A7F06F1B1008}
	EndGlobalSection
EndGlobal
